// !$*UTF8*$!
{
	archiveVersion = 1;
	classes = {
	};
	objectVersion = 48;
	objects = {

/* Begin PBXBuildFile section */
		F72C6A052015B98400679575 /* AppDelegate.swift in Sources */ = {isa = PBXBuildFile; fileRef = F72C6A042015B98400679575 /* AppDelegate.swift */; };
		F72C6A072015B98400679575 /* LoginViewController.swift in Sources */ = {isa = PBXBuildFile; fileRef = F72C6A062015B98400679575 /* LoginViewController.swift */; };
		F72C6A0A2015B98400679575 /* Main.storyboard in Resources */ = {isa = PBXBuildFile; fileRef = F72C6A082015B98400679575 /* Main.storyboard */; };
		F72C6A0C2015B98400679575 /* Assets.xcassets in Resources */ = {isa = PBXBuildFile; fileRef = F72C6A0B2015B98400679575 /* Assets.xcassets */; };
		F72C6A0F2015B98400679575 /* LaunchScreen.storyboard in Resources */ = {isa = PBXBuildFile; fileRef = F72C6A0D2015B98400679575 /* LaunchScreen.storyboard */; };
		F72C6A172015BCC300679575 /* Constants.swift in Sources */ = {isa = PBXBuildFile; fileRef = F72C6A162015BCC300679575 /* Constants.swift */; };
		F72C6A1F201C207200679575 /* GCDBlackBox.swift in Sources */ = {isa = PBXBuildFile; fileRef = F72C6A1E201C207200679575 /* GCDBlackBox.swift */; };
		F749EA982020E01B006A75DC /* MasterNetwork.swift in Sources */ = {isa = PBXBuildFile; fileRef = F749EA972020E01B006A75DC /* MasterNetwork.swift */; };
		F749EA9A2020E282006A75DC /* MasterConvenience.swift in Sources */ = {isa = PBXBuildFile; fileRef = F749EA992020E282006A75DC /* MasterConvenience.swift */; };
		F749EA9C2022385A006A75DC /* UsersData.swift in Sources */ = {isa = PBXBuildFile; fileRef = F749EA9B2022385A006A75DC /* UsersData.swift */; };
		F749EA9E20237E21006A75DC /* SearchLocationViewController.swift in Sources */ = {isa = PBXBuildFile; fileRef = F749EA9D20237E21006A75DC /* SearchLocationViewController.swift */; };
		F749EAA0202401E2006A75DC /* AddedLocationViewController.swift in Sources */ = {isa = PBXBuildFile; fileRef = F749EA9F202401E2006A75DC /* AddedLocationViewController.swift */; };
		F7B402E6201D01B800C015FD /* MapViewController.swift in Sources */ = {isa = PBXBuildFile; fileRef = F7B402E5201D01B800C015FD /* MapViewController.swift */; };
		F7B402EA201D0E5E00C015FD /* TableViewController.swift in Sources */ = {isa = PBXBuildFile; fileRef = F7B402E9201D0E5E00C015FD /* TableViewController.swift */; };
/* End PBXBuildFile section */

/* Begin PBXFileReference section */
		F72C6A012015B98300679575 /* On The Map.app */ = {isa = PBXFileReference; explicitFileType = wrapper.application; includeInIndex = 0; path = "On The Map.app"; sourceTree = BUILT_PRODUCTS_DIR; };
		F72C6A042015B98400679575 /* AppDelegate.swift */ = {isa = PBXFileReference; lastKnownFileType = sourcecode.swift; path = AppDelegate.swift; sourceTree = "<group>"; };
		F72C6A062015B98400679575 /* LoginViewController.swift */ = {isa = PBXFileReference; lastKnownFileType = sourcecode.swift; path = LoginViewController.swift; sourceTree = "<group>"; };
		F72C6A092015B98400679575 /* Base */ = {isa = PBXFileReference; lastKnownFileType = file.storyboard; name = Base; path = Base.lproj/Main.storyboard; sourceTree = "<group>"; };
		F72C6A0B2015B98400679575 /* Assets.xcassets */ = {isa = PBXFileReference; lastKnownFileType = folder.assetcatalog; path = Assets.xcassets; sourceTree = "<group>"; };
		F72C6A0E2015B98400679575 /* Base */ = {isa = PBXFileReference; lastKnownFileType = file.storyboard; name = Base; path = Base.lproj/LaunchScreen.storyboard; sourceTree = "<group>"; };
		F72C6A102015B98400679575 /* Info.plist */ = {isa = PBXFileReference; lastKnownFileType = text.plist.xml; path = Info.plist; sourceTree = "<group>"; };
		F72C6A162015BCC300679575 /* Constants.swift */ = {isa = PBXFileReference; lastKnownFileType = sourcecode.swift; path = Constants.swift; sourceTree = "<group>"; };
		F72C6A1E201C207200679575 /* GCDBlackBox.swift */ = {isa = PBXFileReference; lastKnownFileType = sourcecode.swift; path = GCDBlackBox.swift; sourceTree = "<group>"; };
		F749EA972020E01B006A75DC /* MasterNetwork.swift */ = {isa = PBXFileReference; lastKnownFileType = sourcecode.swift; path = MasterNetwork.swift; sourceTree = "<group>"; };
		F749EA992020E282006A75DC /* MasterConvenience.swift */ = {isa = PBXFileReference; lastKnownFileType = sourcecode.swift; path = MasterConvenience.swift; sourceTree = "<group>"; };
		F749EA9B2022385A006A75DC /* UsersData.swift */ = {isa = PBXFileReference; lastKnownFileType = sourcecode.swift; path = UsersData.swift; sourceTree = "<group>"; };
		F749EA9D20237E21006A75DC /* SearchLocationViewController.swift */ = {isa = PBXFileReference; lastKnownFileType = sourcecode.swift; path = SearchLocationViewController.swift; sourceTree = "<group>"; };
		F749EA9F202401E2006A75DC /* AddedLocationViewController.swift */ = {isa = PBXFileReference; lastKnownFileType = sourcecode.swift; path = AddedLocationViewController.swift; sourceTree = "<group>"; };
		F7B402E5201D01B800C015FD /* MapViewController.swift */ = {isa = PBXFileReference; lastKnownFileType = sourcecode.swift; path = MapViewController.swift; sourceTree = "<group>"; };
		F7B402E9201D0E5E00C015FD /* TableViewController.swift */ = {isa = PBXFileReference; lastKnownFileType = sourcecode.swift; path = TableViewController.swift; sourceTree = "<group>"; };
/* End PBXFileReference section */

/* Begin PBXFrameworksBuildPhase section */
		F72C69FE2015B98300679575 /* Frameworks */ = {
			isa = PBXFrameworksBuildPhase;
			buildActionMask = 2147483647;
			files = (
			);
			runOnlyForDeploymentPostprocessing = 0;
		};
/* End PBXFrameworksBuildPhase section */

/* Begin PBXGroup section */
		F72C69F82015B98300679575 = {
			isa = PBXGroup;
			children = (
				F72C6A032015B98300679575 /* On The Map */,
				F72C6A022015B98300679575 /* Products */,
			);
			sourceTree = "<group>";
		};
		F72C6A022015B98300679575 /* Products */ = {
			isa = PBXGroup;
			children = (
				F72C6A012015B98300679575 /* On The Map.app */,
			);
			name = Products;
			sourceTree = "<group>";
		};
		F72C6A032015B98300679575 /* On The Map */ = {
			isa = PBXGroup;
			children = (
				F78843A3202A758400F3B4E1 /* Networking */,
				F72C6A042015B98400679575 /* AppDelegate.swift */,
				F72C6A1E201C207200679575 /* GCDBlackBox.swift */,
				F72C6A162015BCC300679575 /* Constants.swift */,
				F7B402E7201D0CCD00C015FD /* Controller */,
				F72C6A082015B98400679575 /* Main.storyboard */,
				F7421FB8202A7DA5000BD215 /* Frameworks */,
				F72C6A0B2015B98400679575 /* Assets.xcassets */,
				F72C6A0D2015B98400679575 /* LaunchScreen.storyboard */,
				F72C6A102015B98400679575 /* Info.plist */,
			);
			path = "On The Map";
			sourceTree = "<group>";
		};
		F7421FB8202A7DA5000BD215 /* Frameworks */ = {
			isa = PBXGroup;
			children = (
			);
			path = Frameworks;
			sourceTree = "<group>";
		};
		F78843A3202A758400F3B4E1 /* Networking */ = {
			isa = PBXGroup;
			children = (
				F749EA9B2022385A006A75DC /* UsersData.swift */,
				F749EA992020E282006A75DC /* MasterConvenience.swift */,
				F749EA972020E01B006A75DC /* MasterNetwork.swift */,
			);
			path = Networking;
			sourceTree = "<group>";
		};
		F7B402E7201D0CCD00C015FD /* Controller */ = {
			isa = PBXGroup;
			children = (
				F72C6A062015B98400679575 /* LoginViewController.swift */,
				F7B402E9201D0E5E00C015FD /* TableViewController.swift */,
				F7B402E5201D01B800C015FD /* MapViewController.swift */,
				F749EA9F202401E2006A75DC /* AddedLocationViewController.swift */,
				F749EA9D20237E21006A75DC /* SearchLocationViewController.swift */,
			);
			path = Controller;
			sourceTree = "<group>";
		};
/* End PBXGroup section */

/* Begin PBXNativeTarget section */
		F72C6A002015B98300679575 /* On The Map */ = {
			isa = PBXNativeTarget;
			buildConfigurationList = F72C6A132015B98400679575 /* Build configuration list for PBXNativeTarget "On The Map" */;
			buildPhases = (
				F72C69FD2015B98300679575 /* Sources */,
				F72C69FE2015B98300679575 /* Frameworks */,
				F72C69FF2015B98300679575 /* Resources */,
			);
			buildRules = (
			);
			dependencies = (
			);
			name = "On The Map";
			productName = "On The Map";
			productReference = F72C6A012015B98300679575 /* On The Map.app */;
			productType = "com.apple.product-type.application";
		};
/* End PBXNativeTarget section */

/* Begin PBXProject section */
		F72C69F92015B98300679575 /* Project object */ = {
			isa = PBXProject;
			attributes = {
				LastSwiftUpdateCheck = 0920;
				LastUpgradeCheck = 0920;
				ORGANIZATIONNAME = Udacity;
				TargetAttributes = {
					F72C6A002015B98300679575 = {
						CreatedOnToolsVersion = 9.2;
						ProvisioningStyle = Automatic;
					};
				};
			};
			buildConfigurationList = F72C69FC2015B98300679575 /* Build configuration list for PBXProject "On The Map" */;
			compatibilityVersion = "Xcode 8.0";
			developmentRegion = en;
			hasScannedForEncodings = 0;
			knownRegions = (
				en,
				Base,
			);
			mainGroup = F72C69F82015B98300679575;
			productRefGroup = F72C6A022015B98300679575 /* Products */;
			projectDirPath = "";
			projectRoot = "";
			targets = (
				F72C6A002015B98300679575 /* On The Map */,
			);
		};
/* End PBXProject section */

/* Begin PBXResourcesBuildPhase section */
		F72C69FF2015B98300679575 /* Resources */ = {
			isa = PBXResourcesBuildPhase;
			buildActionMask = 2147483647;
			files = (
				F72C6A0F2015B98400679575 /* LaunchScreen.storyboard in Resources */,
				F72C6A0C2015B98400679575 /* Assets.xcassets in Resources */,
				F72C6A0A2015B98400679575 /* Main.storyboard in Resources */,
			);
			runOnlyForDeploymentPostprocessing = 0;
		};
/* End PBXResourcesBuildPhase section */

/* Begin PBXSourcesBuildPhase section */
		F72C69FD2015B98300679575 /* Sources */ = {
			isa = PBXSourcesBuildPhase;
			buildActionMask = 2147483647;
			files = (
				F72C6A072015B98400679575 /* LoginViewController.swift in Sources */,
				F72C6A052015B98400679575 /* AppDelegate.swift in Sources */,
				F7B402EA201D0E5E00C015FD /* TableViewController.swift in Sources */,
				F72C6A172015BCC300679575 /* Constants.swift in Sources */,
				F749EAA0202401E2006A75DC /* AddedLocationViewController.swift in Sources */,
				F749EA982020E01B006A75DC /* MasterNetwork.swift in Sources */,
				F72C6A1F201C207200679575 /* GCDBlackBox.swift in Sources */,
				F749EA9A2020E282006A75DC /* MasterConvenience.swift in Sources */,
				F749EA9C2022385A006A75DC /* UsersData.swift in Sources */,
				F749EA9E20237E21006A75DC /* SearchLocationViewController.swift in Sources */,
				F7B402E6201D01B800C015FD /* MapViewController.swift in Sources */,
			);
			runOnlyForDeploymentPostprocessing = 0;
		};
/* End PBXSourcesBuildPhase section */

/* Begin PBXVariantGroup section */
		F72C6A082015B98400679575 /* Main.storyboard */ = {
			isa = PBXVariantGroup;
			children = (
				F72C6A092015B98400679575 /* Base */,
			);
			name = Main.storyboard;
			sourceTree = "<group>";
		};
		F72C6A0D2015B98400679575 /* LaunchScreen.storyboard */ = {
			isa = PBXVariantGroup;
			children = (
				F72C6A0E2015B98400679575 /* Base */,
			);
			name = LaunchScreen.storyboard;
			sourceTree = "<group>";
		};
/* End PBXVariantGroup section */

/* Begin XCBuildConfiguration section */
		F72C6A112015B98400679575 /* Debug */ = {
			isa = XCBuildConfiguration;
			buildSettings = {
				ALWAYS_SEARCH_USER_PATHS = NO;
				CLANG_ANALYZER_NONNULL = YES;
				CLANG_ANALYZER_NUMBER_OBJECT_CONVERSION = YES_AGGRESSIVE;
				CLANG_CXX_LANGUAGE_STANDARD = "gnu++14";
				CLANG_CXX_LIBRARY = "libc++";
				CLANG_ENABLE_MODULES = YES;
				CLANG_ENABLE_OBJC_ARC = YES;
				CLANG_WARN_BLOCK_CAPTURE_AUTORELEASING = YES;
				CLANG_WARN_BOOL_CONVERSION = YES;
				CLANG_WARN_COMMA = YES;
				CLANG_WARN_CONSTANT_CONVERSION = YES;
				CLANG_WARN_DIRECT_OBJC_ISA_USAGE = YES_ERROR;
				CLANG_WARN_DOCUMENTATION_COMMENTS = YES;
				CLANG_WARN_EMPTY_BODY = YES;
				CLANG_WARN_ENUM_CONVERSION = YES;
				CLANG_WARN_INFINITE_RECURSION = YES;
				CLANG_WARN_INT_CONVERSION = YES;
				CLANG_WARN_NON_LITERAL_NULL_CONVERSION = YES;
				CLANG_WARN_OBJC_LITERAL_CONVERSION = YES;
				CLANG_WARN_OBJC_ROOT_CLASS = YES_ERROR;
				CLANG_WARN_RANGE_LOOP_ANALYSIS = YES;
				CLANG_WARN_STRICT_PROTOTYPES = YES;
				CLANG_WARN_SUSPICIOUS_MOVE = YES;
				CLANG_WARN_UNGUARDED_AVAILABILITY = YES_AGGRESSIVE;
				CLANG_WARN_UNREACHABLE_CODE = YES;
				CLANG_WARN__DUPLICATE_METHOD_MATCH = YES;
				CODE_SIGN_IDENTITY = "iPhone Developer";
				COPY_PHASE_STRIP = NO;
				DEBUG_INFORMATION_FORMAT = dwarf;
				ENABLE_STRICT_OBJC_MSGSEND = YES;
				ENABLE_TESTABILITY = YES;
				GCC_C_LANGUAGE_STANDARD = gnu11;
				GCC_DYNAMIC_NO_PIC = NO;
				GCC_NO_COMMON_BLOCKS = YES;
				GCC_OPTIMIZATION_LEVEL = 0;
				GCC_PREPROCESSOR_DEFINITIONS = (
					"DEBUG=1",
					"$(inherited)",
				);
				GCC_WARN_64_TO_32_BIT_CONVERSION = YES;
				GCC_WARN_ABOUT_RETURN_TYPE = YES_ERROR;
				GCC_WARN_UNDECLARED_SELECTOR = YES;
				GCC_WARN_UNINITIALIZED_AUTOS = YES_AGGRESSIVE;
				GCC_WARN_UNUSED_FUNCTION = YES;
				GCC_WARN_UNUSED_VARIABLE = YES;
				IPHONEOS_DEPLOYMENT_TARGET = 11.2;
				MTL_ENABLE_DEBUG_INFO = YES;
				ONLY_ACTIVE_ARCH = YES;
				SDKROOT = iphoneos;
				SWIFT_ACTIVE_COMPILATION_CONDITIONS = DEBUG;
				SWIFT_OPTIMIZATION_LEVEL = "-Onone";
			};
			name = Debug;
		};
		F72C6A122015B98400679575 /* Release */ = {
			isa = XCBuildConfiguration;
			buildSettings = {
				ALWAYS_SEARCH_USER_PATHS = NO;
				CLANG_ANALYZER_NONNULL = YES;
				CLANG_ANALYZER_NUMBER_OBJECT_CONVERSION = YES_AGGRESSIVE;
				CLANG_CXX_LANGUAGE_STANDARD = "gnu++14";
				CLANG_CXX_LIBRARY = "libc++";
				CLANG_ENABLE_MODULES = YES;
				CLANG_ENABLE_OBJC_ARC = YES;
				CLANG_WARN_BLOCK_CAPTURE_AUTORELEASING = YES;
				CLANG_WARN_BOOL_CONVERSION = YES;
				CLANG_WARN_COMMA = YES;
				CLANG_WARN_CONSTANT_CONVERSION = YES;
				CLANG_WARN_DIRECT_OBJC_ISA_USAGE = YES_ERROR;
				CLANG_WARN_DOCUMENTATION_COMMENTS = YES;
				CLANG_WARN_EMPTY_BODY = YES;
				CLANG_WARN_ENUM_CONVERSION = YES;
				CLANG_WARN_INFINITE_RECURSION = YES;
				CLANG_WARN_INT_CONVERSION = YES;
				CLANG_WARN_NON_LITERAL_NULL_CONVERSION = YES;
				CLANG_WARN_OBJC_LITERAL_CONVERSION = YES;
				CLANG_WARN_OBJC_ROOT_CLASS = YES_ERROR;
				CLANG_WARN_RANGE_LOOP_ANALYSIS = YES;
				CLANG_WARN_STRICT_PROTOTYPES = YES;
				CLANG_WARN_SUSPICIOUS_MOVE = YES;
				CLANG_WARN_UNGUARDED_AVAILABILITY = YES_AGGRESSIVE;
				CLANG_WARN_UNREACHABLE_CODE = YES;
				CLANG_WARN__DUPLICATE_METHOD_MATCH = YES;
				CODE_SIGN_IDENTITY = "iPhone Developer";
				COPY_PHASE_STRIP = NO;
				DEBUG_INFORMATION_FORMAT = "dwarf-with-dsym";
				ENABLE_NS_ASSERTIONS = NO;
				ENABLE_STRICT_OBJC_MSGSEND = YES;
				GCC_C_LANGUAGE_STANDARD = gnu11;
				GCC_NO_COMMON_BLOCKS = YES;
				GCC_WARN_64_TO_32_BIT_CONVERSION = YES;
				GCC_WARN_ABOUT_RETURN_TYPE = YES_ERROR;
				GCC_WARN_UNDECLARED_SELECTOR = YES;
				GCC_WARN_UNINITIALIZED_AUTOS = YES_AGGRESSIVE;
				GCC_WARN_UNUSED_FUNCTION = YES;
				GCC_WARN_UNUSED_VARIABLE = YES;
				IPHONEOS_DEPLOYMENT_TARGET = 11.2;
				MTL_ENABLE_DEBUG_INFO = NO;
				SDKROOT = iphoneos;
				SWIFT_OPTIMIZATION_LEVEL = "-Owholemodule";
				VALIDATE_PRODUCT = YES;
			};
			name = Release;
		};
		F72C6A142015B98400679575 /* Debug */ = {
			isa = XCBuildConfiguration;
			buildSettings = {
				ASSETCATALOG_COMPILER_APPICON_NAME = AppIcon;
				CODE_SIGN_STYLE = Automatic;
				DEVELOPMENT_TEAM = L3WCZURK57;
				FRAMEWORK_SEARCH_PATHS = (
					"$(inherited)",
					"$(PROJECT_DIR)/On\\ The\\ Map/Frameworks",
					"$(PROJECT_DIR)/On\\ The\\ Map/Frameworks",
					"$(PROJECT_DIR)/On\\ The\\ Map/Frameworks",
				);
				INFOPLIST_FILE = "On The Map/Info.plist";
				LD_RUNPATH_SEARCH_PATHS = "$(inherited) @executable_path/Frameworks";
				PRODUCT_BUNDLE_IDENTIFIER = "Udacity.On-The-Map";
				PRODUCT_NAME = "$(TARGET_NAME)";
				SWIFT_VERSION = 4.0;
				TARGETED_DEVICE_FAMILY = "1,2";
			};
			name = Debug;
		};
		F72C6A152015B98400679575 /* Release */ = {
			isa = XCBuildConfiguration;
			buildSettings = {
				ASSETCATALOG_COMPILER_APPICON_NAME = AppIcon;
				CODE_SIGN_STYLE = Automatic;
				DEVELOPMENT_TEAM = L3WCZURK57;
				FRAMEWORK_SEARCH_PATHS = (
					"$(inherited)",
					"$(PROJECT_DIR)/On\\ The\\ Map/Frameworks",
					"$(PROJECT_DIR)/On\\ The\\ Map/Frameworks",
					"$(PROJECT_DIR)/On\\ The\\ Map/Frameworks",
				);
				INFOPLIST_FILE = "On The Map/Info.plist";
				LD_RUNPATH_SEARCH_PATHS = "$(inherited) @executable_path/Frameworks";
				PRODUCT_BUNDLE_IDENTIFIER = "Udacity.On-The-Map";
				PRODUCT_NAME = "$(TARGET_NAME)";
				SWIFT_VERSION = 4.0;
				TARGETED_DEVICE_FAMILY = "1,2";
			};
			name = Release;
		};
/* End XCBuildConfiguration section */

/* Begin XCConfigurationList section */
		F72C69FC2015B98300679575 /* Build configuration list for PBXProject "On The Map" */ = {
			isa = XCConfigurationList;
			buildConfigurations = (
				F72C6A112015B98400679575 /* Debug */,
				F72C6A122015B98400679575 /* Release */,
			);
			defaultConfigurationIsVisible = 0;
			defaultConfigurationName = Release;
		};
		F72C6A132015B98400679575 /* Build configuration list for PBXNativeTarget "On The Map" */ = {
			isa = XCConfigurationList;
			buildConfigurations = (
				F72C6A142015B98400679575 /* Debug */,
				F72C6A152015B98400679575 /* Release */,
			);
			defaultConfigurationIsVisible = 0;
			defaultConfigurationName = Release;
		};
/* End XCConfigurationList section */
	};
	rootObject = F72C69F92015B98300679575 /* Project object */;
}
